// !$*UTF8*$!
{
	archiveVersion = 1;
	classes = {
	};
	objectVersion = 46;
	objects = {

/* Begin PBXBuildFile section */
		74ACDDD714F7E109008B01F6 /* Foundation.framework in Frameworks */ = {isa = PBXBuildFile; fileRef = 74ACDDD614F7E109008B01F6 /* Foundation.framework */; };
		74ACDDDD14F7E109008B01F6 /* RestfulMetrics.m in Sources */ = {isa = PBXBuildFile; fileRef = 74ACDDDC14F7E109008B01F6 /* RestfulMetrics.m */; };
/* End PBXBuildFile section */

/* Begin PBXFileReference section */
		74ACDDD314F7E109008B01F6 /* libRestfulMetrics.a */ = {isa = PBXFileReference; explicitFileType = archive.ar; includeInIndex = 0; path = libRestfulMetrics.a; sourceTree = BUILT_PRODUCTS_DIR; };
		74ACDDD614F7E109008B01F6 /* Foundation.framework */ = {isa = PBXFileReference; lastKnownFileType = wrapper.framework; name = Foundation.framework; path = System/Library/Frameworks/Foundation.framework; sourceTree = SDKROOT; };
		74ACDDDA14F7E109008B01F6 /* RestfulMetrics-Prefix.pch */ = {isa = PBXFileReference; lastKnownFileType = sourcecode.c.h; path = "RestfulMetrics-Prefix.pch"; sourceTree = "<group>"; };
		74ACDDDB14F7E109008B01F6 /* RestfulMetrics.h */ = {isa = PBXFileReference; lastKnownFileType = sourcecode.c.h; path = RestfulMetrics.h; sourceTree = "<group>"; };
		74ACDDDC14F7E109008B01F6 /* RestfulMetrics.m */ = {isa = PBXFileReference; lastKnownFileType = sourcecode.c.objc; path = RestfulMetrics.m; sourceTree = "<group>"; };
/* End PBXFileReference section */

/* Begin PBXFrameworksBuildPhase section */
		74ACDDD014F7E109008B01F6 /* Frameworks */ = {
			isa = PBXFrameworksBuildPhase;
			buildActionMask = 2147483647;
			files = (
				74ACDDD714F7E109008B01F6 /* Foundation.framework in Frameworks */,
			);
			runOnlyForDeploymentPostprocessing = 0;
		};
/* End PBXFrameworksBuildPhase section */

/* Begin PBXGroup section */
		74ACDDC814F7E109008B01F6 = {
			isa = PBXGroup;
			children = (
				74ACDDD814F7E109008B01F6 /* RestfulMetrics */,
				74ACDDD514F7E109008B01F6 /* Frameworks */,
				74ACDDD414F7E109008B01F6 /* Products */,
			);
			sourceTree = "<group>";
		};
		74ACDDD414F7E109008B01F6 /* Products */ = {
			isa = PBXGroup;
			children = (
				74ACDDD314F7E109008B01F6 /* libRestfulMetrics.a */,
			);
			name = Products;
			sourceTree = "<group>";
		};
		74ACDDD514F7E109008B01F6 /* Frameworks */ = {
			isa = PBXGroup;
			children = (
				74ACDDD614F7E109008B01F6 /* Foundation.framework */,
			);
			name = Frameworks;
			sourceTree = "<group>";
		};
		74ACDDD814F7E109008B01F6 /* RestfulMetrics */ = {
			isa = PBXGroup;
			children = (
				74ACDDDB14F7E109008B01F6 /* RestfulMetrics.h */,
				74ACDDDC14F7E109008B01F6 /* RestfulMetrics.m */,
				74ACDDD914F7E109008B01F6 /* Supporting Files */,
			);
			path = RestfulMetrics;
			sourceTree = "<group>";
		};
		74ACDDD914F7E109008B01F6 /* Supporting Files */ = {
			isa = PBXGroup;
			children = (
				74ACDDDA14F7E109008B01F6 /* RestfulMetrics-Prefix.pch */,
			);
			name = "Supporting Files";
			sourceTree = "<group>";
		};
/* End PBXGroup section */

/* Begin PBXHeadersBuildPhase section */
		74ACDDD114F7E109008B01F6 /* Headers */ = {
			isa = PBXHeadersBuildPhase;
			buildActionMask = 2147483647;
			files = (
			);
			runOnlyForDeploymentPostprocessing = 0;
		};
/* End PBXHeadersBuildPhase section */

/* Begin PBXNativeTarget section */
		74ACDDD214F7E109008B01F6 /* RestfulMetrics */ = {
			isa = PBXNativeTarget;
			buildConfigurationList = 74ACDDE014F7E109008B01F6 /* Build configuration list for PBXNativeTarget "RestfulMetrics" */;
			buildPhases = (
				74ACDDCF14F7E109008B01F6 /* Sources */,
				74ACDDD014F7E109008B01F6 /* Frameworks */,
				74ACDDD114F7E109008B01F6 /* Headers */,
			);
			buildRules = (
			);
			dependencies = (
			);
			name = RestfulMetrics;
			productName = RestfulMetrics;
			productReference = 74ACDDD314F7E109008B01F6 /* libRestfulMetrics.a */;
			productType = "com.apple.product-type.library.static";
		};
/* End PBXNativeTarget section */

/* Begin PBXProject section */
		74ACDDCA14F7E109008B01F6 /* Project object */ = {
			isa = PBXProject;
			attributes = {
				LastUpgradeCheck = 0440;
				ORGANIZATIONNAME = "Gemini SBS";
			};
			buildConfigurationList = 74ACDDCD14F7E109008B01F6 /* Build configuration list for PBXProject "RestfulMetrics" */;
			compatibilityVersion = "Xcode 3.2";
			developmentRegion = English;
			hasScannedForEncodings = 0;
			knownRegions = (
				en,
			);
			mainGroup = 74ACDDC814F7E109008B01F6;
			productRefGroup = 74ACDDD414F7E109008B01F6 /* Products */;
			projectDirPath = "";
			projectRoot = "";
			targets = (
				74ACDDD214F7E109008B01F6 /* RestfulMetrics */,
			);
		};
/* End PBXProject section */

/* Begin PBXSourcesBuildPhase section */
		74ACDDCF14F7E109008B01F6 /* Sources */ = {
			isa = PBXSourcesBuildPhase;
			buildActionMask = 2147483647;
			files = (
				74ACDDDD14F7E109008B01F6 /* RestfulMetrics.m in Sources */,
			);
			runOnlyForDeploymentPostprocessing = 0;
		};
/* End PBXSourcesBuildPhase section */

/* Begin XCBuildConfiguration section */
		74ACDDDE14F7E109008B01F6 /* Debug */ = {
			isa = XCBuildConfiguration;
			buildSettings = {
				ALWAYS_SEARCH_USER_PATHS = NO;
				ARCHS = "$(ARCHS_STANDARD_32_BIT)";
				CLANG_ENABLE_OBJC_ARC = YES;
				COPY_PHASE_STRIP = NO;
				GCC_C_LANGUAGE_STANDARD = gnu99;
				GCC_DYNAMIC_NO_PIC = NO;
				GCC_OPTIMIZATION_LEVEL = 0;
				GCC_PREPROCESSOR_DEFINITIONS = (
					"DEBUG=1",
					"$(inherited)",
				);
				GCC_SYMBOLS_PRIVATE_EXTERN = NO;
				GCC_VERSION = com.apple.compilers.llvm.clang.1_0;
				GCC_WARN_ABOUT_RETURN_TYPE = YES;
				GCC_WARN_UNINITIALIZED_AUTOS = YES;
				GCC_WARN_UNUSED_VARIABLE = YES;
				IPHONEOS_DEPLOYMENT_TARGET = 5.0;
				SDKROOT = iphoneos;
			};
			name = Debug;
		};
		74ACDDDF14F7E109008B01F6 /* Release */ = {
			isa = XCBuildConfiguration;
			buildSettings = {
				ALWAYS_SEARCH_USER_PATHS = NO;
				ARCHS = "$(ARCHS_STANDARD_32_BIT)";
				CLANG_ENABLE_OBJC_ARC = YES;
				COPY_PHASE_STRIP = YES;
				GCC_C_LANGUAGE_STANDARD = gnu99;
				GCC_VERSION = com.apple.compilers.llvm.clang.1_0;
				GCC_WARN_ABOUT_RETURN_TYPE = YES;
				GCC_WARN_UNINITIALIZED_AUTOS = YES;
				GCC_WARN_UNUSED_VARIABLE = YES;
				IPHONEOS_DEPLOYMENT_TARGET = 5.0;
				SDKROOT = iphoneos;
				VALIDATE_PRODUCT = YES;
			};
			name = Release;
		};
		74ACDDE114F7E109008B01F6 /* Debug */ = {
			isa = XCBuildConfiguration;
			buildSettings = {
				DSTROOT = /tmp/RestfulMetrics.dst;
				GCC_PRECOMPILE_PREFIX_HEADER = YES;
				GCC_PREFIX_HEADER = "RestfulMetrics/RestfulMetrics-Prefix.pch";
				OTHER_LDFLAGS = "-ObjC";
				PRODUCT_NAME = "$(TARGET_NAME)";
				SKIP_INSTALL = YES;
			};
			name = Debug;
		};
		74ACDDE214F7E109008B01F6 /* Release */ = {
			isa = XCBuildConfiguration;
			buildSettings = {
				DSTROOT = /tmp/RestfulMetrics.dst;
				GCC_PRECOMPILE_PREFIX_HEADER = YES;
				GCC_PREFIX_HEADER = "RestfulMetrics/RestfulMetrics-Prefix.pch";
				OTHER_LDFLAGS = "-ObjC";
				PRODUCT_NAME = "$(TARGET_NAME)";
				SKIP_INSTALL = YES;
			};
			name = Release;
		};
/* End XCBuildConfiguration section */

/* Begin XCConfigurationList section */
		74ACDDCD14F7E109008B01F6 /* Build configuration list for PBXProject "RestfulMetrics" */ = {
			isa = XCConfigurationList;
			buildConfigurations = (
				74ACDDDE14F7E109008B01F6 /* Debug */,
				74ACDDDF14F7E109008B01F6 /* Release */,
			);
			defaultConfigurationIsVisible = 0;
			defaultConfigurationName = Release;
		};
		74ACDDE014F7E109008B01F6 /* Build configuration list for PBXNativeTarget "RestfulMetrics" */ = {
			isa = XCConfigurationList;
			buildConfigurations = (
				74ACDDE114F7E109008B01F6 /* Debug */,
				74ACDDE214F7E109008B01F6 /* Release */,
			);
			defaultConfigurationIsVisible = 0;
		};
/* End XCConfigurationList section */
	};
	rootObject = 74ACDDCA14F7E109008B01F6 /* Project object */;
}
