// !$*UTF8*$!
{
	archiveVersion = 1;
	classes = {
	};
	objectVersion = 46;
	objects = {

/* Begin PBXBuildFile section */
		7453AABD14F7F5FC00E5F87E /* libRestfulMetrics.a in Frameworks */ = {isa = PBXBuildFile; fileRef = 7453AAB914F7F5EB00E5F87E /* libRestfulMetrics.a */; };
		74548CD814F7E3B9000A43BE /* UIKit.framework in Frameworks */ = {isa = PBXBuildFile; fileRef = 74548CD714F7E3B9000A43BE /* UIKit.framework */; };
		74548CDA14F7E3B9000A43BE /* Foundation.framework in Frameworks */ = {isa = PBXBuildFile; fileRef = 74548CD914F7E3B9000A43BE /* Foundation.framework */; };
		74548CDC14F7E3B9000A43BE /* CoreGraphics.framework in Frameworks */ = {isa = PBXBuildFile; fileRef = 74548CDB14F7E3B9000A43BE /* CoreGraphics.framework */; };
		74548CE214F7E3B9000A43BE /* InfoPlist.strings in Resources */ = {isa = PBXBuildFile; fileRef = 74548CE014F7E3B9000A43BE /* InfoPlist.strings */; };
		74548CE414F7E3B9000A43BE /* main.m in Sources */ = {isa = PBXBuildFile; fileRef = 74548CE314F7E3B9000A43BE /* main.m */; };
		74548CE814F7E3B9000A43BE /* AppDelegate.m in Sources */ = {isa = PBXBuildFile; fileRef = 74548CE714F7E3B9000A43BE /* AppDelegate.m */; };
		74548CEB14F7E3B9000A43BE /* MainStoryboard.storyboard in Resources */ = {isa = PBXBuildFile; fileRef = 74548CE914F7E3B9000A43BE /* MainStoryboard.storyboard */; };
		74548CEE14F7E3B9000A43BE /* ViewController.m in Sources */ = {isa = PBXBuildFile; fileRef = 74548CED14F7E3B9000A43BE /* ViewController.m */; };
		74548CF714F7E497000A43BE /* restful_labs.png in Resources */ = {isa = PBXBuildFile; fileRef = 74548CF514F7E497000A43BE /* restful_labs.png */; };
		74548CF814F7E497000A43BE /* restful_labs@2x.png in Resources */ = {isa = PBXBuildFile; fileRef = 74548CF614F7E497000A43BE /* restful_labs@2x.png */; };
		74548CFB14F7E53A000A43BE /* bg.png in Resources */ = {isa = PBXBuildFile; fileRef = 74548CF914F7E53A000A43BE /* bg.png */; };
		74548CFC14F7E53A000A43BE /* bg@2x.png in Resources */ = {isa = PBXBuildFile; fileRef = 74548CFA14F7E53A000A43BE /* bg@2x.png */; };
		748A69F814F818F7006B8240 /* metrics_logo.png in Resources */ = {isa = PBXBuildFile; fileRef = 748A69F614F818F7006B8240 /* metrics_logo.png */; };
		748A69F914F818F7006B8240 /* metrics_logo@2x.png in Resources */ = {isa = PBXBuildFile; fileRef = 748A69F714F818F7006B8240 /* metrics_logo@2x.png */; };
/* End PBXBuildFile section */

/* Begin PBXContainerItemProxy section */
		7453AAB814F7F5EB00E5F87E /* PBXContainerItemProxy */ = {
			isa = PBXContainerItemProxy;
			containerPortal = 7453AAB114F7F5EA00E5F87E /* RestfulMetrics.xcodeproj */;
			proxyType = 2;
			remoteGlobalIDString = 74ACDDD314F7E109008B01F6;
			remoteInfo = RestfulMetrics;
		};
		7453AABB14F7F5F500E5F87E /* PBXContainerItemProxy */ = {
			isa = PBXContainerItemProxy;
			containerPortal = 7453AAB114F7F5EA00E5F87E /* RestfulMetrics.xcodeproj */;
			proxyType = 1;
			remoteGlobalIDString = 74ACDDD214F7E109008B01F6;
			remoteInfo = RestfulMetrics;
		};
/* End PBXContainerItemProxy section */

/* Begin PBXFileReference section */
		7453AAB114F7F5EA00E5F87E /* RestfulMetrics.xcodeproj */ = {isa = PBXFileReference; lastKnownFileType = "wrapper.pb-project"; name = RestfulMetrics.xcodeproj; path = ../RestfulMetrics.xcodeproj; sourceTree = "<group>"; };
		74548CD314F7E3B9000A43BE /* RestfulMetricsExample.app */ = {isa = PBXFileReference; explicitFileType = wrapper.application; includeInIndex = 0; path = RestfulMetricsExample.app; sourceTree = BUILT_PRODUCTS_DIR; };
		74548CD714F7E3B9000A43BE /* UIKit.framework */ = {isa = PBXFileReference; lastKnownFileType = wrapper.framework; name = UIKit.framework; path = System/Library/Frameworks/UIKit.framework; sourceTree = SDKROOT; };
		74548CD914F7E3B9000A43BE /* Foundation.framework */ = {isa = PBXFileReference; lastKnownFileType = wrapper.framework; name = Foundation.framework; path = System/Library/Frameworks/Foundation.framework; sourceTree = SDKROOT; };
		74548CDB14F7E3B9000A43BE /* CoreGraphics.framework */ = {isa = PBXFileReference; lastKnownFileType = wrapper.framework; name = CoreGraphics.framework; path = System/Library/Frameworks/CoreGraphics.framework; sourceTree = SDKROOT; };
		74548CDF14F7E3B9000A43BE /* RestfulMetricsExample-Info.plist */ = {isa = PBXFileReference; lastKnownFileType = text.plist.xml; path = "RestfulMetricsExample-Info.plist"; sourceTree = "<group>"; };
		74548CE114F7E3B9000A43BE /* en */ = {isa = PBXFileReference; lastKnownFileType = text.plist.strings; name = en; path = en.lproj/InfoPlist.strings; sourceTree = "<group>"; };
		74548CE314F7E3B9000A43BE /* main.m */ = {isa = PBXFileReference; lastKnownFileType = sourcecode.c.objc; path = main.m; sourceTree = "<group>"; };
		74548CE514F7E3B9000A43BE /* RestfulMetricsExample-Prefix.pch */ = {isa = PBXFileReference; lastKnownFileType = sourcecode.c.h; path = "RestfulMetricsExample-Prefix.pch"; sourceTree = "<group>"; };
		74548CE614F7E3B9000A43BE /* AppDelegate.h */ = {isa = PBXFileReference; lastKnownFileType = sourcecode.c.h; path = AppDelegate.h; sourceTree = "<group>"; };
		74548CE714F7E3B9000A43BE /* AppDelegate.m */ = {isa = PBXFileReference; lastKnownFileType = sourcecode.c.objc; path = AppDelegate.m; sourceTree = "<group>"; };
		74548CEA14F7E3B9000A43BE /* en */ = {isa = PBXFileReference; lastKnownFileType = file.storyboard; name = en; path = en.lproj/MainStoryboard.storyboard; sourceTree = "<group>"; };
		74548CEC14F7E3B9000A43BE /* ViewController.h */ = {isa = PBXFileReference; lastKnownFileType = sourcecode.c.h; path = ViewController.h; sourceTree = "<group>"; };
		74548CED14F7E3B9000A43BE /* ViewController.m */ = {isa = PBXFileReference; lastKnownFileType = sourcecode.c.objc; path = ViewController.m; sourceTree = "<group>"; };
		74548CF514F7E497000A43BE /* restful_labs.png */ = {isa = PBXFileReference; lastKnownFileType = image.png; path = restful_labs.png; sourceTree = "<group>"; };
		74548CF614F7E497000A43BE /* restful_labs@2x.png */ = {isa = PBXFileReference; lastKnownFileType = image.png; path = "restful_labs@2x.png"; sourceTree = "<group>"; };
		74548CF914F7E53A000A43BE /* bg.png */ = {isa = PBXFileReference; lastKnownFileType = image.png; path = bg.png; sourceTree = "<group>"; };
		74548CFA14F7E53A000A43BE /* bg@2x.png */ = {isa = PBXFileReference; lastKnownFileType = image.png; path = "bg@2x.png"; sourceTree = "<group>"; };
		748A69F614F818F7006B8240 /* metrics_logo.png */ = {isa = PBXFileReference; lastKnownFileType = image.png; path = metrics_logo.png; sourceTree = "<group>"; };
		748A69F714F818F7006B8240 /* metrics_logo@2x.png */ = {isa = PBXFileReference; lastKnownFileType = image.png; path = "metrics_logo@2x.png"; sourceTree = "<group>"; };
/* End PBXFileReference section */

/* Begin PBXFrameworksBuildPhase section */
		74548CD014F7E3B9000A43BE /* Frameworks */ = {
			isa = PBXFrameworksBuildPhase;
			buildActionMask = 2147483647;
			files = (
				7453AABD14F7F5FC00E5F87E /* libRestfulMetrics.a in Frameworks */,
				74548CD814F7E3B9000A43BE /* UIKit.framework in Frameworks */,
				74548CDA14F7E3B9000A43BE /* Foundation.framework in Frameworks */,
				74548CDC14F7E3B9000A43BE /* CoreGraphics.framework in Frameworks */,
			);
			runOnlyForDeploymentPostprocessing = 0;
		};
/* End PBXFrameworksBuildPhase section */

/* Begin PBXGroup section */
		7453AAB214F7F5EA00E5F87E /* Products */ = {
			isa = PBXGroup;
			children = (
				7453AAB914F7F5EB00E5F87E /* libRestfulMetrics.a */,
			);
			name = Products;
			sourceTree = "<group>";
		};
		74548CC814F7E3B9000A43BE = {
			isa = PBXGroup;
			children = (
				74548CDD14F7E3B9000A43BE /* RestfulMetricsExample */,
				74548CD614F7E3B9000A43BE /* Frameworks */,
				74548CD414F7E3B9000A43BE /* Products */,
				7453AAB114F7F5EA00E5F87E /* RestfulMetrics.xcodeproj */,
			);
			sourceTree = "<group>";
		};
		74548CD414F7E3B9000A43BE /* Products */ = {
			isa = PBXGroup;
			children = (
				74548CD314F7E3B9000A43BE /* RestfulMetricsExample.app */,
			);
			name = Products;
			sourceTree = "<group>";
		};
		74548CD614F7E3B9000A43BE /* Frameworks */ = {
			isa = PBXGroup;
			children = (
				74548CD714F7E3B9000A43BE /* UIKit.framework */,
				74548CD914F7E3B9000A43BE /* Foundation.framework */,
				74548CDB14F7E3B9000A43BE /* CoreGraphics.framework */,
			);
			name = Frameworks;
			sourceTree = "<group>";
		};
		74548CDD14F7E3B9000A43BE /* RestfulMetricsExample */ = {
			isa = PBXGroup;
			children = (
				74548CE614F7E3B9000A43BE /* AppDelegate.h */,
				74548CE714F7E3B9000A43BE /* AppDelegate.m */,
				74548CE914F7E3B9000A43BE /* MainStoryboard.storyboard */,
				74548CEC14F7E3B9000A43BE /* ViewController.h */,
				74548CED14F7E3B9000A43BE /* ViewController.m */,
				74548CF414F7E483000A43BE /* Resources */,
				74548CDE14F7E3B9000A43BE /* Supporting Files */,
			);
			path = RestfulMetricsExample;
			sourceTree = "<group>";
		};
		74548CDE14F7E3B9000A43BE /* Supporting Files */ = {
			isa = PBXGroup;
			children = (
				74548CDF14F7E3B9000A43BE /* RestfulMetricsExample-Info.plist */,
				74548CE014F7E3B9000A43BE /* InfoPlist.strings */,
				74548CE314F7E3B9000A43BE /* main.m */,
				74548CE514F7E3B9000A43BE /* RestfulMetricsExample-Prefix.pch */,
			);
			name = "Supporting Files";
			sourceTree = "<group>";
		};
		74548CF414F7E483000A43BE /* Resources */ = {
			isa = PBXGroup;
			children = (
				748A69F614F818F7006B8240 /* metrics_logo.png */,
				748A69F714F818F7006B8240 /* metrics_logo@2x.png */,
				74548CF914F7E53A000A43BE /* bg.png */,
				74548CFA14F7E53A000A43BE /* bg@2x.png */,
				74548CF514F7E497000A43BE /* restful_labs.png */,
				74548CF614F7E497000A43BE /* restful_labs@2x.png */,
			);
			name = Resources;
			sourceTree = "<group>";
		};
/* End PBXGroup section */

/* Begin PBXNativeTarget section */
		74548CD214F7E3B9000A43BE /* RestfulMetricsExample */ = {
			isa = PBXNativeTarget;
			buildConfigurationList = 74548CF114F7E3B9000A43BE /* Build configuration list for PBXNativeTarget "RestfulMetricsExample" */;
			buildPhases = (
				74548CCF14F7E3B9000A43BE /* Sources */,
				74548CD014F7E3B9000A43BE /* Frameworks */,
				74548CD114F7E3B9000A43BE /* Resources */,
			);
			buildRules = (
			);
			dependencies = (
				7453AABC14F7F5F500E5F87E /* PBXTargetDependency */,
			);
			name = RestfulMetricsExample;
			productName = RestfulMetricsExample;
			productReference = 74548CD314F7E3B9000A43BE /* RestfulMetricsExample.app */;
			productType = "com.apple.product-type.application";
		};
/* End PBXNativeTarget section */

/* Begin PBXProject section */
		74548CCA14F7E3B9000A43BE /* Project object */ = {
			isa = PBXProject;
			attributes = {
				LastUpgradeCheck = 0440;
				ORGANIZATIONNAME = "RESTful Labs";
			};
			buildConfigurationList = 74548CCD14F7E3B9000A43BE /* Build configuration list for PBXProject "RestfulMetricsExample" */;
			compatibilityVersion = "Xcode 3.2";
			developmentRegion = English;
			hasScannedForEncodings = 0;
			knownRegions = (
				en,
			);
			mainGroup = 74548CC814F7E3B9000A43BE;
			productRefGroup = 74548CD414F7E3B9000A43BE /* Products */;
			projectDirPath = "";
			projectReferences = (
				{
					ProductGroup = 7453AAB214F7F5EA00E5F87E /* Products */;
					ProjectRef = 7453AAB114F7F5EA00E5F87E /* RestfulMetrics.xcodeproj */;
				},
			);
			projectRoot = "";
			targets = (
				74548CD214F7E3B9000A43BE /* RestfulMetricsExample */,
			);
		};
/* End PBXProject section */

/* Begin PBXReferenceProxy section */
		7453AAB914F7F5EB00E5F87E /* libRestfulMetrics.a */ = {
			isa = PBXReferenceProxy;
			fileType = archive.ar;
			path = libRestfulMetrics.a;
			remoteRef = 7453AAB814F7F5EB00E5F87E /* PBXContainerItemProxy */;
			sourceTree = BUILT_PRODUCTS_DIR;
		};
/* End PBXReferenceProxy section */

/* Begin PBXResourcesBuildPhase section */
		74548CD114F7E3B9000A43BE /* Resources */ = {
			isa = PBXResourcesBuildPhase;
			buildActionMask = 2147483647;
			files = (
				74548CE214F7E3B9000A43BE /* InfoPlist.strings in Resources */,
				74548CEB14F7E3B9000A43BE /* MainStoryboard.storyboard in Resources */,
				74548CF714F7E497000A43BE /* restful_labs.png in Resources */,
				74548CF814F7E497000A43BE /* restful_labs@2x.png in Resources */,
				74548CFB14F7E53A000A43BE /* bg.png in Resources */,
				74548CFC14F7E53A000A43BE /* bg@2x.png in Resources */,
				748A69F814F818F7006B8240 /* metrics_logo.png in Resources */,
				748A69F914F818F7006B8240 /* metrics_logo@2x.png in Resources */,
			);
			runOnlyForDeploymentPostprocessing = 0;
		};
/* End PBXResourcesBuildPhase section */

/* Begin PBXSourcesBuildPhase section */
		74548CCF14F7E3B9000A43BE /* Sources */ = {
			isa = PBXSourcesBuildPhase;
			buildActionMask = 2147483647;
			files = (
				74548CE414F7E3B9000A43BE /* main.m in Sources */,
				74548CE814F7E3B9000A43BE /* AppDelegate.m in Sources */,
				74548CEE14F7E3B9000A43BE /* ViewController.m in Sources */,
			);
			runOnlyForDeploymentPostprocessing = 0;
		};
/* End PBXSourcesBuildPhase section */

/* Begin PBXTargetDependency section */
		7453AABC14F7F5F500E5F87E /* PBXTargetDependency */ = {
			isa = PBXTargetDependency;
			name = RestfulMetrics;
			targetProxy = 7453AABB14F7F5F500E5F87E /* PBXContainerItemProxy */;
		};
/* End PBXTargetDependency section */

/* Begin PBXVariantGroup section */
		74548CE014F7E3B9000A43BE /* InfoPlist.strings */ = {
			isa = PBXVariantGroup;
			children = (
				74548CE114F7E3B9000A43BE /* en */,
			);
			name = InfoPlist.strings;
			sourceTree = "<group>";
		};
		74548CE914F7E3B9000A43BE /* MainStoryboard.storyboard */ = {
			isa = PBXVariantGroup;
			children = (
				74548CEA14F7E3B9000A43BE /* en */,
			);
			name = MainStoryboard.storyboard;
			sourceTree = "<group>";
		};
/* End PBXVariantGroup section */

/* Begin XCBuildConfiguration section */
		74548CEF14F7E3B9000A43BE /* Debug */ = {
			isa = XCBuildConfiguration;
			buildSettings = {
				ALWAYS_SEARCH_USER_PATHS = NO;
				ARCHS = "$(ARCHS_STANDARD_32_BIT)";
				CLANG_ENABLE_OBJC_ARC = YES;
				"CODE_SIGN_IDENTITY[sdk=iphoneos*]" = "iPhone Developer";
				COPY_PHASE_STRIP = NO;
				GCC_C_LANGUAGE_STANDARD = gnu99;
				GCC_DYNAMIC_NO_PIC = NO;
				GCC_OPTIMIZATION_LEVEL = 0;
				GCC_PREPROCESSOR_DEFINITIONS = (
					"DEBUG=1",
					"$(inherited)",
				);
				GCC_SYMBOLS_PRIVATE_EXTERN = NO;
				GCC_VERSION = com.apple.compilers.llvm.clang.1_0;
				GCC_WARN_ABOUT_RETURN_TYPE = YES;
				GCC_WARN_UNINITIALIZED_AUTOS = YES;
				GCC_WARN_UNUSED_VARIABLE = YES;
				IPHONEOS_DEPLOYMENT_TARGET = 5.0;
				SDKROOT = iphoneos;
			};
			name = Debug;
		};
		74548CF014F7E3B9000A43BE /* Release */ = {
			isa = XCBuildConfiguration;
			buildSettings = {
				ALWAYS_SEARCH_USER_PATHS = NO;
				ARCHS = "$(ARCHS_STANDARD_32_BIT)";
				CLANG_ENABLE_OBJC_ARC = YES;
				"CODE_SIGN_IDENTITY[sdk=iphoneos*]" = "iPhone Developer";
				COPY_PHASE_STRIP = YES;
				GCC_C_LANGUAGE_STANDARD = gnu99;
				GCC_VERSION = com.apple.compilers.llvm.clang.1_0;
				GCC_WARN_ABOUT_RETURN_TYPE = YES;
				GCC_WARN_UNINITIALIZED_AUTOS = YES;
				GCC_WARN_UNUSED_VARIABLE = YES;
				IPHONEOS_DEPLOYMENT_TARGET = 5.0;
				OTHER_CFLAGS = "-DNS_BLOCK_ASSERTIONS=1";
				SDKROOT = iphoneos;
				VALIDATE_PRODUCT = YES;
			};
			name = Release;
		};
		74548CF214F7E3B9000A43BE /* Debug */ = {
			isa = XCBuildConfiguration;
			buildSettings = {
				GCC_PRECOMPILE_PREFIX_HEADER = YES;
				GCC_PREFIX_HEADER = "RestfulMetricsExample/RestfulMetricsExample-Prefix.pch";
				HEADER_SEARCH_PATHS = "../RestfulMetrics/**";
				INFOPLIST_FILE = "RestfulMetricsExample/RestfulMetricsExample-Info.plist";
				PRODUCT_NAME = "$(TARGET_NAME)";
				WRAPPER_EXTENSION = app;
			};
			name = Debug;
		};
		74548CF314F7E3B9000A43BE /* Release */ = {
			isa = XCBuildConfiguration;
			buildSettings = {
				GCC_PRECOMPILE_PREFIX_HEADER = YES;
				GCC_PREFIX_HEADER = "RestfulMetricsExample/RestfulMetricsExample-Prefix.pch";
				HEADER_SEARCH_PATHS = "../RestfulMetrics/**";
				INFOPLIST_FILE = "RestfulMetricsExample/RestfulMetricsExample-Info.plist";
				PRODUCT_NAME = "$(TARGET_NAME)";
				WRAPPER_EXTENSION = app;
			};
			name = Release;
		};
/* End XCBuildConfiguration section */

/* Begin XCConfigurationList section */
		74548CCD14F7E3B9000A43BE /* Build configuration list for PBXProject "RestfulMetricsExample" */ = {
			isa = XCConfigurationList;
			buildConfigurations = (
				74548CEF14F7E3B9000A43BE /* Debug */,
				74548CF014F7E3B9000A43BE /* Release */,
			);
			defaultConfigurationIsVisible = 0;
			defaultConfigurationName = Release;
		};
		74548CF114F7E3B9000A43BE /* Build configuration list for PBXNativeTarget "RestfulMetricsExample" */ = {
			isa = XCConfigurationList;
			buildConfigurations = (
				74548CF214F7E3B9000A43BE /* Debug */,
				74548CF314F7E3B9000A43BE /* Release */,
			);
			defaultConfigurationIsVisible = 0;
			defaultConfigurationName = Release;
		};
/* End XCConfigurationList section */
	};
	rootObject = 74548CCA14F7E3B9000A43BE /* Project object */;
}
